{
  "name": "ngx-detectlocation",
  "version": "0.0.1",
  "lockfileVersion": 1,
  "requires": true,
  "dependencies": {
    "@fortawesome/angular-fontawesome": {
      "version": "0.4.0",
      "resolved": "http://npm.paypal.com/artifactory/api/npm/npm-all/@fortawesome/angular-fontawesome/-/angular-fontawesome-0.4.0.tgz",
      "integrity": "sha1-q3lDYqXjcSS4NFZNy1XtHAzgQTo=",
      "dev": true,
      "requires": {
        "tslib": "^1.9.0"
      }
    },
    "@fortawesome/fontawesome-common-types": {
      "version": "0.2.19",
      "resolved": "http://npm.paypal.com/artifactory/api/npm/npm-all/@fortawesome/fontawesome-common-types/-/fontawesome-common-types-0.2.19.tgz",
      "integrity": "sha1-dUoPheEpCFgVLhwFcAq1ArERl/E=",
      "dev": true
    },
    "@fortawesome/fontawesome-svg-core": {
      "version": "1.2.19",
      "resolved": "http://npm.paypal.com/artifactory/api/npm/npm-all/@fortawesome/fontawesome-svg-core/-/fontawesome-svg-core-1.2.19.tgz",
      "integrity": "sha1-Dsoc6ShcPZnm40BjPuj2FfnRouA=",
      "dev": true,
      "requires": {
        "@fortawesome/fontawesome-common-types": "^0.2.19"
      }
    },
    "@fortawesome/free-regular-svg-icons": {
      "version": "5.9.0",
      "resolved": "http://npm.paypal.com/artifactory/api/npm/npm-all/@fortawesome/free-regular-svg-icons/-/free-regular-svg-icons-5.9.0.tgz",
      "integrity": "sha1-sWsyW9zfUavrxUcxPLdcPvciygQ=",
      "dev": true,
      "requires": {
        "@fortawesome/fontawesome-common-types": "^0.2.19"
      }
    },
    "@fortawesome/free-solid-svg-icons": {
      "version": "5.9.0",
      "resolved": "http://npm.paypal.com/artifactory/api/npm/npm-all/@fortawesome/free-solid-svg-icons/-/free-solid-svg-icons-5.9.0.tgz",
      "integrity": "sha1-HHPnusF0F9I/k02D9//1sQCn/ak=",
      "dev": true,
      "requires": {
        "@fortawesome/fontawesome-common-types": "^0.2.19"
      }
    },
    "bootstrap": {
      "version": "4.3.1",
      "resolved": "http://npm.paypal.com/artifactory/api/npm/npm-all/bootstrap/-/bootstrap-4.3.1.tgz",
      "integrity": "sha1-KAyo9hBQTZnXtrS/xLaM7GAXBKw=",
      "dev": true
    },
    "tslib": {
      "version": "1.10.0",
      "resolved": "http://npm.paypal.com/artifactory/api/npm/npm-all/tslib/-/tslib-1.10.0.tgz",
      "integrity": "sha1-w8GflZc/sKYpc/sJ2Q2WHuQ+XIo=",
      "dev": true
    }
  }
}
